
Microsoft Visual Studio Solution File, Format Version 12.00
# Visual Studio 15
VisualStudioVersion = 15.0.28307.168
MinimumVisualStudioVersion = 10.0.40219.1
Project("{9A19103F-16F7-4668-BE54-9A1E7A4F7556}") = "BackgroundWorker", "BackgroundWorker\BackgroundWorker.csproj", "{F4AA1DE3-F154-40A2-9CCC-40C3CED0D2A1}"
EndProject
Project("{9A19103F-16F7-4668-BE54-9A1E7A4F7556}") = "Shared.GrpcClientLibrary", "..\..\..\Shared\Shared.GrpcClientLibrary\Shared.GrpcClientLibrary.csproj", "{E3CCD1DE-ACF8-4AE6-A041-F160EB626C05}"
EndProject
Global
	GlobalSection(SolutionConfigurationPlatforms) = preSolution
		Debug|Any CPU = Debug|Any CPU
		Release|Any CPU = Release|Any CPU
	EndGlobalSection
	GlobalSection(ProjectConfigurationPlatforms) = postSolution
		{F4AA1DE3-F154-40A2-9CCC-40C3CED0D2A1}.Debug|Any CPU.ActiveCfg = Debug|Any CPU
		{F4AA1DE3-F154-40A2-9CCC-40C3CED0D2A1}.Debug|Any CPU.Build.0 = Debug|Any CPU
		{F4AA1DE3-F154-40A2-9CCC-40C3CED0D2A1}.Release|Any CPU.ActiveCfg = Release|Any CPU
		{F4AA1DE3-F154-40A2-9CCC-40C3CED0D2A1}.Release|Any CPU.Build.0 = Release|Any CPU
		{E3CCD1DE-ACF8-4AE6-A041-F160EB626C05}.Debug|Any CPU.ActiveCfg = Debug|Any CPU
		{E3CCD1DE-ACF8-4AE6-A041-F160EB626C05}.Debug|Any CPU.Build.0 = Debug|Any CPU
		{E3CCD1DE-ACF8-4AE6-A041-F160EB626C05}.Release|Any CPU.ActiveCfg = Release|Any CPU
		{E3CCD1DE-ACF8-4AE6-A041-F160EB626C05}.Release|Any CPU.Build.0 = Release|Any CPU
	EndGlobalSection
	GlobalSection(SolutionProperties) = preSolution
		HideSolutionNode = FALSE
	EndGlobalSection
	GlobalSection(ExtensibilityGlobals) = postSolution
		SolutionGuid = {FFB9ECBF-9F68-40CE-AF8F-AF646975F2A5}
	EndGlobalSection
EndGlobal
