
Microsoft Visual Studio Solution File, Format Version 12.00
# Visual Studio 15
VisualStudioVersion = 15.0.28307.136
MinimumVisualStudioVersion = 10.0.40219.1
Project("{2150E333-8FDC-42A3-9474-1A3956D46DE8}") = "Utilities", "Utilities", "{9A129AE7-4BCA-4246-A905-E1F4F1B4DDDA}"
EndProject
Project("{2150E333-8FDC-42A3-9474-1A3956D46DE8}") = "Core", "Core", "{101B15A2-3A9A-46C0-95A1-E4D46A921580}"
EndProject
Project("{2150E333-8FDC-42A3-9474-1A3956D46DE8}") = "Console", "Console", "{F45ADFCF-79AA-472D-BCB2-806480B5A07C}"
EndProject
Project("{9A19103F-16F7-4668-BE54-9A1E7A4F7556}") = "Console", "Utilities\Console\Console.csproj", "{5F4AE2B8-E4BD-4CE3-8DBF-37B5B2F04D68}"
EndProject
Project("{9A19103F-16F7-4668-BE54-9A1E7A4F7556}") = "Core.Services", "Core.Services\Core.Services.csproj", "{D828B3F6-C9BF-4972-8955-F922E24A05F0}"
EndProject
Project("{2150E333-8FDC-42A3-9474-1A3956D46DE8}") = "Solution Items", "Solution Items", "{32CC7B8F-A566-49EE-9F7D-9D52CDF7BAF9}"
	ProjectSection(SolutionItems) = preProject
		README.md = README.md
	EndProjectSection
EndProject
Project("{9A19103F-16F7-4668-BE54-9A1E7A4F7556}") = "Core.Common", "..\Core\Core.Common\Core.Common.csproj", "{BB5333AE-A9EA-41FB-9F9C-55B6AB0F72DE}"
EndProject
Project("{9A19103F-16F7-4668-BE54-9A1E7A4F7556}") = "Core.Domain", "..\Core\Core.Domain\Core.Domain.csproj", "{6B5265AB-4761-4DD1-B0F7-8D92E8B90A05}"
EndProject
Project("{9A19103F-16F7-4668-BE54-9A1E7A4F7556}") = "Core.Application", "..\Core\Core.Application\Core.Application.csproj", "{F9F74664-2D00-4AAF-BC59-5A4F55BCC556}"
EndProject
Project("{9A19103F-16F7-4668-BE54-9A1E7A4F7556}") = "Core.Infrastructure", "..\Core\Core.Infrastructure\Core.Infrastructure.csproj", "{BAAA30C0-EC5B-4780-82CB-59B92077B145}"
EndProject
Project("{9A19103F-16F7-4668-BE54-9A1E7A4F7556}") = "Core.Startup", "..\Core\Core.Startup\Core.Startup.csproj", "{795D84C2-EA1A-47DC-852B-F880365C3897}"
EndProject
Project("{2150E333-8FDC-42A3-9474-1A3956D46DE8}") = "Tests", "Tests", "{C2F7CFB3-A3FA-4B64-980D-EAF1116A6899}"
EndProject
Project("{9A19103F-16F7-4668-BE54-9A1E7A4F7556}") = "Core.Application.Tests", "..\Core\Core.Application.Tests\Core.Application.Tests.csproj", "{8C9946B5-BE3B-4600-8D7A-7CE7CD1DA22F}"
EndProject
Project("{2150E333-8FDC-42A3-9474-1A3956D46DE8}") = "Shared", "Shared", "{E13035B4-9EA6-4FDB-AC95-FBB549350059}"
EndProject
Project("{9A19103F-16F7-4668-BE54-9A1E7A4F7556}") = "Shared.GrpcClientLibrary", "..\Shared\Shared.GrpcClientLibrary\Shared.GrpcClientLibrary.csproj", "{04F43ECD-8DC5-4B4B-BEC6-5D6EE6B1BB5F}"
EndProject
Global
	GlobalSection(SolutionConfigurationPlatforms) = preSolution
		Debug|Any CPU = Debug|Any CPU
		Release|Any CPU = Release|Any CPU
	EndGlobalSection
	GlobalSection(ProjectConfigurationPlatforms) = postSolution
		{5F4AE2B8-E4BD-4CE3-8DBF-37B5B2F04D68}.Debug|Any CPU.ActiveCfg = Debug|Any CPU
		{5F4AE2B8-E4BD-4CE3-8DBF-37B5B2F04D68}.Debug|Any CPU.Build.0 = Debug|Any CPU
		{5F4AE2B8-E4BD-4CE3-8DBF-37B5B2F04D68}.Release|Any CPU.ActiveCfg = Release|Any CPU
		{5F4AE2B8-E4BD-4CE3-8DBF-37B5B2F04D68}.Release|Any CPU.Build.0 = Release|Any CPU
		{D828B3F6-C9BF-4972-8955-F922E24A05F0}.Debug|Any CPU.ActiveCfg = Debug|Any CPU
		{D828B3F6-C9BF-4972-8955-F922E24A05F0}.Debug|Any CPU.Build.0 = Debug|Any CPU
		{D828B3F6-C9BF-4972-8955-F922E24A05F0}.Release|Any CPU.ActiveCfg = Release|Any CPU
		{D828B3F6-C9BF-4972-8955-F922E24A05F0}.Release|Any CPU.Build.0 = Release|Any CPU
		{BB5333AE-A9EA-41FB-9F9C-55B6AB0F72DE}.Debug|Any CPU.ActiveCfg = Debug|Any CPU
		{BB5333AE-A9EA-41FB-9F9C-55B6AB0F72DE}.Debug|Any CPU.Build.0 = Debug|Any CPU
		{BB5333AE-A9EA-41FB-9F9C-55B6AB0F72DE}.Release|Any CPU.ActiveCfg = Release|Any CPU
		{BB5333AE-A9EA-41FB-9F9C-55B6AB0F72DE}.Release|Any CPU.Build.0 = Release|Any CPU
		{6B5265AB-4761-4DD1-B0F7-8D92E8B90A05}.Debug|Any CPU.ActiveCfg = Debug|Any CPU
		{6B5265AB-4761-4DD1-B0F7-8D92E8B90A05}.Debug|Any CPU.Build.0 = Debug|Any CPU
		{6B5265AB-4761-4DD1-B0F7-8D92E8B90A05}.Release|Any CPU.ActiveCfg = Release|Any CPU
		{6B5265AB-4761-4DD1-B0F7-8D92E8B90A05}.Release|Any CPU.Build.0 = Release|Any CPU
		{F9F74664-2D00-4AAF-BC59-5A4F55BCC556}.Debug|Any CPU.ActiveCfg = Debug|Any CPU
		{F9F74664-2D00-4AAF-BC59-5A4F55BCC556}.Debug|Any CPU.Build.0 = Debug|Any CPU
		{F9F74664-2D00-4AAF-BC59-5A4F55BCC556}.Release|Any CPU.ActiveCfg = Release|Any CPU
		{F9F74664-2D00-4AAF-BC59-5A4F55BCC556}.Release|Any CPU.Build.0 = Release|Any CPU
		{BAAA30C0-EC5B-4780-82CB-59B92077B145}.Debug|Any CPU.ActiveCfg = Debug|Any CPU
		{BAAA30C0-EC5B-4780-82CB-59B92077B145}.Debug|Any CPU.Build.0 = Debug|Any CPU
		{BAAA30C0-EC5B-4780-82CB-59B92077B145}.Release|Any CPU.ActiveCfg = Release|Any CPU
		{BAAA30C0-EC5B-4780-82CB-59B92077B145}.Release|Any CPU.Build.0 = Release|Any CPU
		{795D84C2-EA1A-47DC-852B-F880365C3897}.Debug|Any CPU.ActiveCfg = Debug|Any CPU
		{795D84C2-EA1A-47DC-852B-F880365C3897}.Debug|Any CPU.Build.0 = Debug|Any CPU
		{795D84C2-EA1A-47DC-852B-F880365C3897}.Release|Any CPU.ActiveCfg = Release|Any CPU
		{795D84C2-EA1A-47DC-852B-F880365C3897}.Release|Any CPU.Build.0 = Release|Any CPU
		{8C9946B5-BE3B-4600-8D7A-7CE7CD1DA22F}.Debug|Any CPU.ActiveCfg = Debug|Any CPU
		{8C9946B5-BE3B-4600-8D7A-7CE7CD1DA22F}.Debug|Any CPU.Build.0 = Debug|Any CPU
		{8C9946B5-BE3B-4600-8D7A-7CE7CD1DA22F}.Release|Any CPU.ActiveCfg = Release|Any CPU
		{8C9946B5-BE3B-4600-8D7A-7CE7CD1DA22F}.Release|Any CPU.Build.0 = Release|Any CPU
		{04F43ECD-8DC5-4B4B-BEC6-5D6EE6B1BB5F}.Debug|Any CPU.ActiveCfg = Debug|Any CPU
		{04F43ECD-8DC5-4B4B-BEC6-5D6EE6B1BB5F}.Debug|Any CPU.Build.0 = Debug|Any CPU
		{04F43ECD-8DC5-4B4B-BEC6-5D6EE6B1BB5F}.Release|Any CPU.ActiveCfg = Release|Any CPU
		{04F43ECD-8DC5-4B4B-BEC6-5D6EE6B1BB5F}.Release|Any CPU.Build.0 = Release|Any CPU
	EndGlobalSection
	GlobalSection(SolutionProperties) = preSolution
		HideSolutionNode = FALSE
	EndGlobalSection
	GlobalSection(NestedProjects) = preSolution
		{F45ADFCF-79AA-472D-BCB2-806480B5A07C} = {9A129AE7-4BCA-4246-A905-E1F4F1B4DDDA}
		{5F4AE2B8-E4BD-4CE3-8DBF-37B5B2F04D68} = {F45ADFCF-79AA-472D-BCB2-806480B5A07C}
		{BB5333AE-A9EA-41FB-9F9C-55B6AB0F72DE} = {101B15A2-3A9A-46C0-95A1-E4D46A921580}
		{6B5265AB-4761-4DD1-B0F7-8D92E8B90A05} = {101B15A2-3A9A-46C0-95A1-E4D46A921580}
		{F9F74664-2D00-4AAF-BC59-5A4F55BCC556} = {101B15A2-3A9A-46C0-95A1-E4D46A921580}
		{BAAA30C0-EC5B-4780-82CB-59B92077B145} = {101B15A2-3A9A-46C0-95A1-E4D46A921580}
		{795D84C2-EA1A-47DC-852B-F880365C3897} = {101B15A2-3A9A-46C0-95A1-E4D46A921580}
		{8C9946B5-BE3B-4600-8D7A-7CE7CD1DA22F} = {C2F7CFB3-A3FA-4B64-980D-EAF1116A6899}
		{04F43ECD-8DC5-4B4B-BEC6-5D6EE6B1BB5F} = {E13035B4-9EA6-4FDB-AC95-FBB549350059}
	EndGlobalSection
	GlobalSection(ExtensibilityGlobals) = postSolution
		SolutionGuid = {EA413B3E-74FA-4999-BAA6-3A0F3A9E57AB}
	EndGlobalSection
EndGlobal
