
Microsoft Visual Studio Solution File, Format Version 12.00
# Visual Studio 15
VisualStudioVersion = 15.0.28307.168
MinimumVisualStudioVersion = 10.0.40219.1
Project("{9A19103F-16F7-4668-BE54-9A1E7A4F7556}") = "RazorPages", "RazorPages.csproj", "{8DA96C1C-6D5A-41AC-BC32-D60F8B598A36}"
EndProject
Global
	GlobalSection(SolutionConfigurationPlatforms) = preSolution
		Debug|Any CPU = Debug|Any CPU
		Release|Any CPU = Release|Any CPU
	EndGlobalSection
	GlobalSection(ProjectConfigurationPlatforms) = postSolution
		{8DA96C1C-6D5A-41AC-BC32-D60F8B598A36}.Debug|Any CPU.ActiveCfg = Debug|Any CPU
		{8DA96C1C-6D5A-41AC-BC32-D60F8B598A36}.Debug|Any CPU.Build.0 = Debug|Any CPU
		{8DA96C1C-6D5A-41AC-BC32-D60F8B598A36}.Release|Any CPU.ActiveCfg = Release|Any CPU
		{8DA96C1C-6D5A-41AC-BC32-D60F8B598A36}.Release|Any CPU.Build.0 = Release|Any CPU
	EndGlobalSection
	GlobalSection(SolutionProperties) = preSolution
		HideSolutionNode = FALSE
	EndGlobalSection
	GlobalSection(ExtensibilityGlobals) = postSolution
		SolutionGuid = {33C7E8C5-3404-43A8-9111-C730DA389E5A}
	EndGlobalSection
EndGlobal
