
Microsoft Visual Studio Solution File, Format Version 12.00
# Visual Studio 15
VisualStudioVersion = 15.0.28307.168
MinimumVisualStudioVersion = 10.0.40219.1
Project("{FAE04EC0-301F-11D3-BF4B-00C04F79EFBC}") = "CustodialProcessor", "CustodialProcessor\CustodialProcessor.csproj", "{40DA8B47-045F-4126-B540-5854A14AEEC3}"
EndProject
Global
	GlobalSection(SolutionConfigurationPlatforms) = preSolution
		Debug|Any CPU = Debug|Any CPU
		Release|Any CPU = Release|Any CPU
	EndGlobalSection
	GlobalSection(ProjectConfigurationPlatforms) = postSolution
		{40DA8B47-045F-4126-B540-5854A14AEEC3}.Debug|Any CPU.ActiveCfg = Debug|Any CPU
		{40DA8B47-045F-4126-B540-5854A14AEEC3}.Debug|Any CPU.Build.0 = Debug|Any CPU
		{40DA8B47-045F-4126-B540-5854A14AEEC3}.Release|Any CPU.ActiveCfg = Release|Any CPU
		{40DA8B47-045F-4126-B540-5854A14AEEC3}.Release|Any CPU.Build.0 = Release|Any CPU
	EndGlobalSection
	GlobalSection(SolutionProperties) = preSolution
		HideSolutionNode = FALSE
	EndGlobalSection
	GlobalSection(ExtensibilityGlobals) = postSolution
		SolutionGuid = {3A2586C4-13AD-4115-8A9E-27807614BEB8}
	EndGlobalSection
EndGlobal
